
Microsoft Visual Studio Solution File, Format Version 12.00
# Visual Studio 15
VisualStudioVersion = 15.0.27703.2018
MinimumVisualStudioVersion = 10.0.40219.1
Project("{9A19103F-16F7-4668-BE54-9A1E7A4F7556}") = "Texto.Api", "Texto.Api\Texto.Api.csproj", "{99487ACC-1ED7-4746-B82C-13665D96BA5A}"
EndProject
Project("{9A19103F-16F7-4668-BE54-9A1E7A4F7556}") = "Texto.Models", "Texto.Models\Texto.Models.csproj", "{96942D8F-2CCF-4D3D-9901-E2E1F18718F3}"
EndProject
Project("{9A19103F-16F7-4668-BE54-9A1E7A4F7556}") = "Texto.Data", "Texto.Data\Texto.Data.csproj", "{CF2FFAF8-A9C2-4B4C-B076-F94F4A6CEBDB}"
EndProject
Project("{9A19103F-16F7-4668-BE54-9A1E7A4F7556}") = "Texto.Client", "Text.Client\Texto.Client.csproj", "{E123D781-92B6-4D5C-A7F5-980654F376BA}"
EndProject
Global
	GlobalSection(SolutionConfigurationPlatforms) = preSolution
		Debug|Any CPU = Debug|Any CPU
		Release|Any CPU = Release|Any CPU
	EndGlobalSection
	GlobalSection(ProjectConfigurationPlatforms) = postSolution
		{99487ACC-1ED7-4746-B82C-13665D96BA5A}.Debug|Any CPU.ActiveCfg = Debug|Any CPU
		{99487ACC-1ED7-4746-B82C-13665D96BA5A}.Debug|Any CPU.Build.0 = Debug|Any CPU
		{99487ACC-1ED7-4746-B82C-13665D96BA5A}.Release|Any CPU.ActiveCfg = Release|Any CPU
		{99487ACC-1ED7-4746-B82C-13665D96BA5A}.Release|Any CPU.Build.0 = Release|Any CPU
		{96942D8F-2CCF-4D3D-9901-E2E1F18718F3}.Debug|Any CPU.ActiveCfg = Debug|Any CPU
		{96942D8F-2CCF-4D3D-9901-E2E1F18718F3}.Debug|Any CPU.Build.0 = Debug|Any CPU
		{96942D8F-2CCF-4D3D-9901-E2E1F18718F3}.Release|Any CPU.ActiveCfg = Release|Any CPU
		{96942D8F-2CCF-4D3D-9901-E2E1F18718F3}.Release|Any CPU.Build.0 = Release|Any CPU
		{CF2FFAF8-A9C2-4B4C-B076-F94F4A6CEBDB}.Debug|Any CPU.ActiveCfg = Debug|Any CPU
		{CF2FFAF8-A9C2-4B4C-B076-F94F4A6CEBDB}.Debug|Any CPU.Build.0 = Debug|Any CPU
		{CF2FFAF8-A9C2-4B4C-B076-F94F4A6CEBDB}.Release|Any CPU.ActiveCfg = Release|Any CPU
		{CF2FFAF8-A9C2-4B4C-B076-F94F4A6CEBDB}.Release|Any CPU.Build.0 = Release|Any CPU
		{E123D781-92B6-4D5C-A7F5-980654F376BA}.Debug|Any CPU.ActiveCfg = Debug|Any CPU
		{E123D781-92B6-4D5C-A7F5-980654F376BA}.Debug|Any CPU.Build.0 = Debug|Any CPU
		{E123D781-92B6-4D5C-A7F5-980654F376BA}.Release|Any CPU.ActiveCfg = Release|Any CPU
		{E123D781-92B6-4D5C-A7F5-980654F376BA}.Release|Any CPU.Build.0 = Release|Any CPU
	EndGlobalSection
	GlobalSection(SolutionProperties) = preSolution
		HideSolutionNode = FALSE
	EndGlobalSection
	GlobalSection(ExtensibilityGlobals) = postSolution
		SolutionGuid = {FCD382DF-2CCF-456E-B91B-D0A7D397CDF4}
	EndGlobalSection
EndGlobal
